<?xml version="1.0" encoding="UTF-8" standalone="yes" ?>
<CodeBlocks_project_file>
	<FileVersion major="1" minor="6" />
	<Project>
		<Option title="estructura_test" />
		<Option pch_mode="2" />
		<Option compiler="gcc" />
		<Build>
			<Target title="Debug">
				<Option output="bin/Debug/estructura_test" prefix_auto="1" extension_auto="1" />
				<Option object_output="obj/Debug/" />
				<Option type="1" />
				<Option compiler="gcc" />
				<Compiler>
					<Add option="-g" />
					<Add option="-Dcimg_use_png -lpng  -lpthread -lX11" />
				</Compiler>
				<Linker>
					<Add option="-Dcimg_use_png -lpng  -lpthread -lX11" />
				</Linker>
			</Target>
			<Target title="Release">
				<Option output="bin/Release/estructura_test" prefix_auto="1" extension_auto="1" />
				<Option object_output="obj/Release/" />
				<Option type="1" />
				<Option compiler="gcc" />
				<Compiler>
					<Add option="-O2" />
				</Compiler>
				<Linker>
					<Add option="-s" />
				</Linker>
			</Target>
		</Build>
		<Compiler>
			<Add option="-Wall" />
			<Add option="-fexceptions" />
		</Compiler>
		<Unit filename="CImg.h" />
		<Unit filename="icon.jpg" />
		<Unit filename="icon.png" />
		<Unit filename="main.cpp" />
		<Extensions>
			<lib_finder disable_auto="1" />
		</Extensions>
	</Project>
</CodeBlocks_project_file>
